// !$*UTF8*$!
{
	archiveVersion = 1;
	classes = {
	};
	objectVersion = 77;
	objects = {

/* Begin PBXContainerItemProxy section */
		A92D4DD72DE03DB00038F8A3 /* PBXContainerItemProxy */ = {
			isa = PBXContainerItemProxy;
			containerPortal = A92D4DC12DE03DB00038F8A3 /* Project object */;
			proxyType = 1;
			remoteGlobalIDString = A92D4DC82DE03DB00038F8A3;
			remoteInfo = BeerColour2;
		};
		A92D4DE12DE03DB00038F8A3 /* PBXContainerItemProxy */ = {
			isa = PBXContainerItemProxy;
			containerPortal = A92D4DC12DE03DB00038F8A3 /* Project object */;
			proxyType = 1;
			remoteGlobalIDString = A92D4DC82DE03DB00038F8A3;
			remoteInfo = BeerColour2;
		};
/* End PBXContainerItemProxy section */

/* Begin PBXFileReference section */
		A92D4DC92DE03DB00038F8A3 /* BeerColourEBC.app */ = {isa = PBXFileReference; explicitFileType = wrapper.application; includeInIndex = 0; path = BeerColourEBC.app; sourceTree = BUILT_PRODUCTS_DIR; };
		A92D4DD62DE03DB00038F8A3 /* BeerColourEBCTests.xctest */ = {isa = PBXFileReference; explicitFileType = wrapper.cfbundle; includeInIndex = 0; path = BeerColourEBCTests.xctest; sourceTree = BUILT_PRODUCTS_DIR; };
		A92D4DE02DE03DB00038F8A3 /* BeerColourEBCUITests.xctest */ = {isa = PBXFileReference; explicitFileType = wrapper.cfbundle; includeInIndex = 0; path = BeerColourEBCUITests.xctest; sourceTree = BUILT_PRODUCTS_DIR; };
/* End PBXFileReference section */

/* Begin PBXFileSystemSynchronizedRootGroup section */
		A92D4DCB2DE03DB00038F8A3 /* BeerColour2 */ = {
			isa = PBXFileSystemSynchronizedRootGroup;
			path = BeerColour2;
			sourceTree = "<group>";
		};
		A92D4DD92DE03DB00038F8A3 /* BeerColour2Tests */ = {
			isa = PBXFileSystemSynchronizedRootGroup;
			path = BeerColour2Tests;
			sourceTree = "<group>";
		};
		A92D4DE32DE03DB00038F8A3 /* BeerColour2UITests */ = {
			isa = PBXFileSystemSynchronizedRootGroup;
			path = BeerColour2UITests;
			sourceTree = "<group>";
		};
/* End PBXFileSystemSynchronizedRootGroup section */

/* Begin PBXFrameworksBuildPhase section */
		A92D4DC62DE03DB00038F8A3 /* Frameworks */ = {
			isa = PBXFrameworksBuildPhase;
			buildActionMask = 2147483647;
			files = (
			);
			runOnlyForDeploymentPostprocessing = 0;
		};
		A92D4DD32DE03DB00038F8A3 /* Frameworks */ = {
			isa = PBXFrameworksBuildPhase;
			buildActionMask = 2147483647;
			files = (
			);
			runOnlyForDeploymentPostprocessing = 0;
		};
		A92D4DDD2DE03DB00038F8A3 /* Frameworks */ = {
			isa = PBXFrameworksBuildPhase;
			buildActionMask = 2147483647;
			files = (
			);
			runOnlyForDeploymentPostprocessing = 0;
		};
/* End PBXFrameworksBuildPhase section */

/* Begin PBXGroup section */
		A92D4DC02DE03DB00038F8A3 = {
			isa = PBXGroup;
			children = (
				A92D4DCB2DE03DB00038F8A3 /* BeerColour2 */,
				A92D4DD92DE03DB00038F8A3 /* BeerColour2Tests */,
				A92D4DE32DE03DB00038F8A3 /* BeerColour2UITests */,
				A92D4DCA2DE03DB00038F8A3 /* Products */,
			);
			sourceTree = "<group>";
		};
		A92D4DCA2DE03DB00038F8A3 /* Products */ = {
			isa = PBXGroup;
			children = (
				A92D4DC92DE03DB00038F8A3 /* BeerColourEBC.app */,
				A92D4DD62DE03DB00038F8A3 /* BeerColourEBCTests.xctest */,
				A92D4DE02DE03DB00038F8A3 /* BeerColourEBCUITests.xctest */,
			);
			name = Products;
			sourceTree = "<group>";
		};
/* End PBXGroup section */

/* Begin PBXNativeTarget section */
		A92D4DC82DE03DB00038F8A3 /* BeerColourEBC */ = {
			isa = PBXNativeTarget;
			buildConfigurationList = A92D4DEA2DE03DB00038F8A3 /* Build configuration list for PBXNativeTarget "BeerColourEBC" */;
			buildPhases = (
				A92D4DC52DE03DB00038F8A3 /* Sources */,
				A92D4DC62DE03DB00038F8A3 /* Frameworks */,
				A92D4DC72DE03DB00038F8A3 /* Resources */,
			);
			buildRules = (
			);
			dependencies = (
			);
			fileSystemSynchronizedGroups = (
				A92D4DCB2DE03DB00038F8A3 /* BeerColour2 */,
			);
			name = BeerColourEBC;
			packageProductDependencies = (
			);
			productName = BeerColour2;
			productReference = A92D4DC92DE03DB00038F8A3 /* BeerColourEBC.app */;
			productType = "com.apple.product-type.application";
		};
		A92D4DD52DE03DB00038F8A3 /* BeerColourEBCTests */ = {
			isa = PBXNativeTarget;
			buildConfigurationList = A92D4DED2DE03DB00038F8A3 /* Build configuration list for PBXNativeTarget "BeerColourEBCTests" */;
			buildPhases = (
				A92D4DD22DE03DB00038F8A3 /* Sources */,
				A92D4DD32DE03DB00038F8A3 /* Frameworks */,
				A92D4DD42DE03DB00038F8A3 /* Resources */,
			);
			buildRules = (
			);
			dependencies = (
				A92D4DD82DE03DB00038F8A3 /* PBXTargetDependency */,
			);
			fileSystemSynchronizedGroups = (
				A92D4DD92DE03DB00038F8A3 /* BeerColour2Tests */,
			);
			name = BeerColourEBCTests;
			packageProductDependencies = (
			);
			productName = BeerColour2Tests;
			productReference = A92D4DD62DE03DB00038F8A3 /* BeerColourEBCTests.xctest */;
			productType = "com.apple.product-type.bundle.unit-test";
		};
		A92D4DDF2DE03DB00038F8A3 /* BeerColourEBCUITests */ = {
			isa = PBXNativeTarget;
			buildConfigurationList = A92D4DF02DE03DB00038F8A3 /* Build configuration list for PBXNativeTarget "BeerColourEBCUITests" */;
			buildPhases = (
				A92D4DDC2DE03DB00038F8A3 /* Sources */,
				A92D4DDD2DE03DB00038F8A3 /* Frameworks */,
				A92D4DDE2DE03DB00038F8A3 /* Resources */,
			);
			buildRules = (
			);
			dependencies = (
				A92D4DE22DE03DB00038F8A3 /* PBXTargetDependency */,
			);
			fileSystemSynchronizedGroups = (
				A92D4DE32DE03DB00038F8A3 /* BeerColour2UITests */,
			);
			name = BeerColourEBCUITests;
			packageProductDependencies = (
			);
			productName = BeerColour2UITests;
			productReference = A92D4DE02DE03DB00038F8A3 /* BeerColourEBCUITests.xctest */;
			productType = "com.apple.product-type.bundle.ui-testing";
		};
/* End PBXNativeTarget section */

/* Begin PBXProject section */
		A92D4DC12DE03DB00038F8A3 /* Project object */ = {
			isa = PBXProject;
			attributes = {
				BuildIndependentTargetsInParallel = 1;
				LastSwiftUpdateCheck = 1630;
				LastUpgradeCheck = 1630;
				TargetAttributes = {
					A92D4DC82DE03DB00038F8A3 = {
						CreatedOnToolsVersion = 16.3;
					};
					A92D4DD52DE03DB00038F8A3 = {
						CreatedOnToolsVersion = 16.3;
						TestTargetID = A92D4DC82DE03DB00038F8A3;
					};
					A92D4DDF2DE03DB00038F8A3 = {
						CreatedOnToolsVersion = 16.3;
						TestTargetID = A92D4DC82DE03DB00038F8A3;
					};
				};
			};
			buildConfigurationList = A92D4DC42DE03DB00038F8A3 /* Build configuration list for PBXProject "BeerColourEBC" */;
			developmentRegion = en;
			hasScannedForEncodings = 0;
			knownRegions = (
				en,
				Base,
			);
			mainGroup = A92D4DC02DE03DB00038F8A3;
			minimizedProjectReferenceProxies = 1;
			preferredProjectObjectVersion = 77;
			productRefGroup = A92D4DCA2DE03DB00038F8A3 /* Products */;
			projectDirPath = "";
			projectRoot = "";
			targets = (
				A92D4DC82DE03DB00038F8A3 /* BeerColourEBC */,
				A92D4DD52DE03DB00038F8A3 /* BeerColourEBCTests */,
				A92D4DDF2DE03DB00038F8A3 /* BeerColourEBCUITests */,
			);
		};
/* End PBXProject section */

/* Begin PBXResourcesBuildPhase section */
		A92D4DC72DE03DB00038F8A3 /* Resources */ = {
			isa = PBXResourcesBuildPhase;
			buildActionMask = 2147483647;
			files = (
			);
			runOnlyForDeploymentPostprocessing = 0;
		};
		A92D4DD42DE03DB00038F8A3 /* Resources */ = {
			isa = PBXResourcesBuildPhase;
			buildActionMask = 2147483647;
			files = (
			);
			runOnlyForDeploymentPostprocessing = 0;
		};
		A92D4DDE2DE03DB00038F8A3 /* Resources */ = {
			isa = PBXResourcesBuildPhase;
			buildActionMask = 2147483647;
			files = (
			);
			runOnlyForDeploymentPostprocessing = 0;
		};
/* End PBXResourcesBuildPhase section */

/* Begin PBXSourcesBuildPhase section */
		A92D4DC52DE03DB00038F8A3 /* Sources */ = {
			isa = PBXSourcesBuildPhase;
			buildActionMask = 2147483647;
			files = (
			);
			runOnlyForDeploymentPostprocessing = 0;
		};
		A92D4DD22DE03DB00038F8A3 /* Sources */ = {
			isa = PBXSourcesBuildPhase;
			buildActionMask = 2147483647;
			files = (
			);
			runOnlyForDeploymentPostprocessing = 0;
		};
		A92D4DDC2DE03DB00038F8A3 /* Sources */ = {
			isa = PBXSourcesBuildPhase;
			buildActionMask = 2147483647;
			files = (
			);
			runOnlyForDeploymentPostprocessing = 0;
		};
/* End PBXSourcesBuildPhase section */

/* Begin PBXTargetDependency section */
		A92D4DD82DE03DB00038F8A3 /* PBXTargetDependency */ = {
			isa = PBXTargetDependency;
			target = A92D4DC82DE03DB00038F8A3 /* BeerColourEBC */;
			targetProxy = A92D4DD72DE03DB00038F8A3 /* PBXContainerItemProxy */;
		};
		A92D4DE22DE03DB00038F8A3 /* PBXTargetDependency */ = {
			isa = PBXTargetDependency;
			target = A92D4DC82DE03DB00038F8A3 /* BeerColourEBC */;
			targetProxy = A92D4DE12DE03DB00038F8A3 /* PBXContainerItemProxy */;
		};
/* End PBXTargetDependency section */

/* Begin XCBuildConfiguration section */
		A92D4DE82DE03DB00038F8A3 /* Debug */ = {
			isa = XCBuildConfiguration;
			buildSettings = {
				ALWAYS_SEARCH_USER_PATHS = NO;
				ASSETCATALOG_COMPILER_GENERATE_SWIFT_ASSET_SYMBOL_EXTENSIONS = YES;
				CLANG_ANALYZER_NONNULL = YES;
				CLANG_ANALYZER_NUMBER_OBJECT_CONVERSION = YES_AGGRESSIVE;
				CLANG_CXX_LANGUAGE_STANDARD = "gnu++20";
				CLANG_ENABLE_MODULES = YES;
				CLANG_ENABLE_OBJC_ARC = YES;
				CLANG_ENABLE_OBJC_WEAK = YES;
				CLANG_WARN_BLOCK_CAPTURE_AUTORELEASING = YES;
				CLANG_WARN_BOOL_CONVERSION = YES;
				CLANG_WARN_COMMA = YES;
				CLANG_WARN_CONSTANT_CONVERSION = YES;
				CLANG_WARN_DEPRECATED_OBJC_IMPLEMENTATIONS = YES;
				CLANG_WARN_DIRECT_OBJC_ISA_USAGE = YES_ERROR;
				CLANG_WARN_DOCUMENTATION_COMMENTS = YES;
				CLANG_WARN_EMPTY_BODY = YES;
				CLANG_WARN_ENUM_CONVERSION = YES;
				CLANG_WARN_INFINITE_RECURSION = YES;
				CLANG_WARN_INT_CONVERSION = YES;
				CLANG_WARN_NON_LITERAL_NULL_CONVERSION = YES;
				CLANG_WARN_OBJC_IMPLICIT_RETAIN_SELF = YES;
				CLANG_WARN_OBJC_LITERAL_CONVERSION = YES;
				CLANG_WARN_OBJC_ROOT_CLASS = YES_ERROR;
				CLANG_WARN_QUOTED_INCLUDE_IN_FRAMEWORK_HEADER = YES;
				CLANG_WARN_RANGE_LOOP_ANALYSIS = YES;
				CLANG_WARN_STRICT_PROTOTYPES = YES;
				CLANG_WARN_SUSPICIOUS_MOVE = YES;
				CLANG_WARN_UNGUARDED_AVAILABILITY = YES_AGGRESSIVE;
				CLANG_WARN_UNREACHABLE_CODE = YES;
				CLANG_WARN__DUPLICATE_METHOD_MATCH = YES;
				COPY_PHASE_STRIP = NO;
				DEBUG_INFORMATION_FORMAT = dwarf;
				DEVELOPMENT_TEAM = Z55DB652JS;
				ENABLE_STRICT_OBJC_MSGSEND = YES;
				ENABLE_TESTABILITY = YES;
				ENABLE_USER_SCRIPT_SANDBOXING = YES;
				GCC_C_LANGUAGE_STANDARD = gnu17;
				GCC_DYNAMIC_NO_PIC = NO;
				GCC_NO_COMMON_BLOCKS = YES;
				GCC_OPTIMIZATION_LEVEL = 0;
				GCC_PREPROCESSOR_DEFINITIONS = (
					"DEBUG=1",
					"$(inherited)",
				);
				GCC_WARN_64_TO_32_BIT_CONVERSION = YES;
				GCC_WARN_ABOUT_RETURN_TYPE = YES_ERROR;
				GCC_WARN_UNDECLARED_SELECTOR = YES;
				GCC_WARN_UNINITIALIZED_AUTOS = YES_AGGRESSIVE;
				GCC_WARN_UNUSED_FUNCTION = YES;
				GCC_WARN_UNUSED_VARIABLE = YES;
				INFOPLIST_KEY_NSCameraUsageDescription = "This app uses the camera to analyze the color of beer for EBC estimation.";
				IPHONEOS_DEPLOYMENT_TARGET = 18.4;
				LOCALIZATION_PREFERS_STRING_CATALOGS = YES;
				MTL_ENABLE_DEBUG_INFO = INCLUDE_SOURCE;
				MTL_FAST_MATH = YES;
				ONLY_ACTIVE_ARCH = YES;
				SDKROOT = iphoneos;
				SWIFT_ACTIVE_COMPILATION_CONDITIONS = "DEBUG $(inherited)";
				SWIFT_OPTIMIZATION_LEVEL = "-Onone";
			};
			name = Debug;
		};
		A92D4DE92DE03DB00038F8A3 /* Release */ = {
			isa = XCBuildConfiguration;
			buildSettings = {
				ALWAYS_SEARCH_USER_PATHS = NO;
				ASSETCATALOG_COMPILER_GENERATE_SWIFT_ASSET_SYMBOL_EXTENSIONS = YES;
				CLANG_ANALYZER_NONNULL = YES;
				CLANG_ANALYZER_NUMBER_OBJECT_CONVERSION = YES_AGGRESSIVE;
				CLANG_CXX_LANGUAGE_STANDARD = "gnu++20";
				CLANG_ENABLE_MODULES = YES;
				CLANG_ENABLE_OBJC_ARC = YES;
				CLANG_ENABLE_OBJC_WEAK = YES;
				CLANG_WARN_BLOCK_CAPTURE_AUTORELEASING = YES;
				CLANG_WARN_BOOL_CONVERSION = YES;
				CLANG_WARN_COMMA = YES;
				CLANG_WARN_CONSTANT_CONVERSION = YES;
				CLANG_WARN_DEPRECATED_OBJC_IMPLEMENTATIONS = YES;
				CLANG_WARN_DIRECT_OBJC_ISA_USAGE = YES_ERROR;
				CLANG_WARN_DOCUMENTATION_COMMENTS = YES;
				CLANG_WARN_EMPTY_BODY = YES;
				CLANG_WARN_ENUM_CONVERSION = YES;
				CLANG_WARN_INFINITE_RECURSION = YES;
				CLANG_WARN_INT_CONVERSION = YES;
				CLANG_WARN_NON_LITERAL_NULL_CONVERSION = YES;
				CLANG_WARN_OBJC_IMPLICIT_RETAIN_SELF = YES;
				CLANG_WARN_OBJC_LITERAL_CONVERSION = YES;
				CLANG_WARN_OBJC_ROOT_CLASS = YES_ERROR;
				CLANG_WARN_QUOTED_INCLUDE_IN_FRAMEWORK_HEADER = YES;
				CLANG_WARN_RANGE_LOOP_ANALYSIS = YES;
				CLANG_WARN_STRICT_PROTOTYPES = YES;
				CLANG_WARN_SUSPICIOUS_MOVE = YES;
				CLANG_WARN_UNGUARDED_AVAILABILITY = YES_AGGRESSIVE;
				CLANG_WARN_UNREACHABLE_CODE = YES;
				CLANG_WARN__DUPLICATE_METHOD_MATCH = YES;
				COPY_PHASE_STRIP = NO;
				DEBUG_INFORMATION_FORMAT = "dwarf-with-dsym";
				DEVELOPMENT_TEAM = Z55DB652JS;
				ENABLE_NS_ASSERTIONS = NO;
				ENABLE_STRICT_OBJC_MSGSEND = YES;
				ENABLE_USER_SCRIPT_SANDBOXING = YES;
				GCC_C_LANGUAGE_STANDARD = gnu17;
				GCC_NO_COMMON_BLOCKS = YES;
				GCC_WARN_64_TO_32_BIT_CONVERSION = YES;
				GCC_WARN_ABOUT_RETURN_TYPE = YES_ERROR;
				GCC_WARN_UNDECLARED_SELECTOR = YES;
				GCC_WARN_UNINITIALIZED_AUTOS = YES_AGGRESSIVE;
				GCC_WARN_UNUSED_FUNCTION = YES;
				GCC_WARN_UNUSED_VARIABLE = YES;
				INFOPLIST_KEY_NSCameraUsageDescription = "This app uses the camera to analyze the color of beer for EBC estimation.";
				IPHONEOS_DEPLOYMENT_TARGET = 18.4;
				LOCALIZATION_PREFERS_STRING_CATALOGS = YES;
				MTL_ENABLE_DEBUG_INFO = NO;
				MTL_FAST_MATH = YES;
				SDKROOT = iphoneos;
				SWIFT_COMPILATION_MODE = wholemodule;
				VALIDATE_PRODUCT = YES;
			};
			name = Release;
		};
		A92D4DEB2DE03DB00038F8A3 /* Debug */ = {
			isa = XCBuildConfiguration;
			buildSettings = {
				ASSETCATALOG_COMPILER_APPICON_NAME = AppIcon;
				ASSETCATALOG_COMPILER_GLOBAL_ACCENT_COLOR_NAME = AccentColor;
				CODE_SIGN_STYLE = Automatic;
				CURRENT_PROJECT_VERSION = 1;
				DEVELOPMENT_TEAM = Z55DB652JS;
				ENABLE_PREVIEWS = YES;
				GENERATE_INFOPLIST_FILE = YES;
				INFOPLIST_KEY_CFBundleDisplayName = "Beer Colour";
				INFOPLIST_KEY_LSApplicationCategoryType = "public.app-category.entertainment";
				INFOPLIST_KEY_NSCameraUsageDescription = "This app uses the camera to analyze the color of beer for EBC estimation.";
				INFOPLIST_KEY_UIApplicationSceneManifest_Generation = YES;
				INFOPLIST_KEY_UIApplicationSupportsIndirectInputEvents = YES;
				INFOPLIST_KEY_UILaunchScreen_Generation = YES;
				INFOPLIST_KEY_UISupportedInterfaceOrientations_iPad = "UIInterfaceOrientationPortrait UIInterfaceOrientationPortraitUpsideDown UIInterfaceOrientationLandscapeLeft UIInterfaceOrientationLandscapeRight";
				INFOPLIST_KEY_UISupportedInterfaceOrientations_iPhone = "UIInterfaceOrientationPortrait UIInterfaceOrientationLandscapeLeft UIInterfaceOrientationLandscapeRight";
				LD_RUNPATH_SEARCH_PATHS = (
					"$(inherited)",
					"@executable_path/Frameworks",
				);
				MARKETING_VERSION = 1.0;
				PRODUCT_BUNDLE_IDENTIFIER = com.pyrmontbrewery.BeerColour;
				PRODUCT_NAME = "$(TARGET_NAME)";
				SWIFT_EMIT_LOC_STRINGS = YES;
				SWIFT_VERSION = 5.0;
				TARGETED_DEVICE_FAMILY = "1,2";
			};
			name = Debug;
		};
		A92D4DEC2DE03DB00038F8A3 /* Release */ = {
			isa = XCBuildConfiguration;
			buildSettings = {
				ASSETCATALOG_COMPILER_APPICON_NAME = AppIcon;
				ASSETCATALOG_COMPILER_GLOBAL_ACCENT_COLOR_NAME = AccentColor;
				CODE_SIGN_STYLE = Automatic;
				CURRENT_PROJECT_VERSION = 1;
				DEVELOPMENT_TEAM = Z55DB652JS;
				ENABLE_PREVIEWS = YES;
				GENERATE_INFOPLIST_FILE = YES;
				INFOPLIST_KEY_CFBundleDisplayName = "Beer Colour";
				INFOPLIST_KEY_LSApplicationCategoryType = "public.app-category.entertainment";
				INFOPLIST_KEY_NSCameraUsageDescription = "This app uses the camera to analyze the color of beer for EBC estimation.";
				INFOPLIST_KEY_UIApplicationSceneManifest_Generation = YES;
				INFOPLIST_KEY_UIApplicationSupportsIndirectInputEvents = YES;
				INFOPLIST_KEY_UILaunchScreen_Generation = YES;
				INFOPLIST_KEY_UISupportedInterfaceOrientations_iPad = "UIInterfaceOrientationPortrait UIInterfaceOrientationPortraitUpsideDown UIInterfaceOrientationLandscapeLeft UIInterfaceOrientationLandscapeRight";
				INFOPLIST_KEY_UISupportedInterfaceOrientations_iPhone = "UIInterfaceOrientationPortrait UIInterfaceOrientationLandscapeLeft UIInterfaceOrientationLandscapeRight";
				LD_RUNPATH_SEARCH_PATHS = (
					"$(inherited)",
					"@executable_path/Frameworks",
				);
				MARKETING_VERSION = 1.0;
				PRODUCT_BUNDLE_IDENTIFIER = com.pyrmontbrewery.BeerColour;
				PRODUCT_NAME = "$(TARGET_NAME)";
				SWIFT_EMIT_LOC_STRINGS = YES;
				SWIFT_VERSION = 5.0;
				TARGETED_DEVICE_FAMILY = "1,2";
			};
			name = Release;
		};
		A92D4DEE2DE03DB00038F8A3 /* Debug */ = {
			isa = XCBuildConfiguration;
			buildSettings = {
				BUNDLE_LOADER = "$(TEST_HOST)";
				CODE_SIGN_STYLE = Automatic;
				CURRENT_PROJECT_VERSION = 1;
				DEVELOPMENT_TEAM = Z55DB652JS;
				GENERATE_INFOPLIST_FILE = YES;
				IPHONEOS_DEPLOYMENT_TARGET = 18.4;
				MARKETING_VERSION = 1.0;
				PRODUCT_BUNDLE_IDENTIFIER = com.pyrmontbrewery.BeerColour2Tests;
				PRODUCT_NAME = "$(TARGET_NAME)";
				SWIFT_EMIT_LOC_STRINGS = NO;
				SWIFT_VERSION = 5.0;
				TARGETED_DEVICE_FAMILY = "1,2";
				TEST_HOST = "$(BUILT_PRODUCTS_DIR)/BeerColourEBC.app/$(BUNDLE_EXECUTABLE_FOLDER_PATH)/BeerColourEBC";
			};
			name = Debug;
		};
		A92D4DEF2DE03DB00038F8A3 /* Release */ = {
			isa = XCBuildConfiguration;
			buildSettings = {
				BUNDLE_LOADER = "$(TEST_HOST)";
				CODE_SIGN_STYLE = Automatic;
				CURRENT_PROJECT_VERSION = 1;
				DEVELOPMENT_TEAM = Z55DB652JS;
				GENERATE_INFOPLIST_FILE = YES;
				IPHONEOS_DEPLOYMENT_TARGET = 18.4;
				MARKETING_VERSION = 1.0;
				PRODUCT_BUNDLE_IDENTIFIER = com.pyrmontbrewery.BeerColour2Tests;
				PRODUCT_NAME = "$(TARGET_NAME)";
				SWIFT_EMIT_LOC_STRINGS = NO;
				SWIFT_VERSION = 5.0;
				TARGETED_DEVICE_FAMILY = "1,2";
				TEST_HOST = "$(BUILT_PRODUCTS_DIR)/BeerColourEBC.app/$(BUNDLE_EXECUTABLE_FOLDER_PATH)/BeerColourEBC";
			};
			name = Release;
		};
		A92D4DF12DE03DB00038F8A3 /* Debug */ = {
			isa = XCBuildConfiguration;
			buildSettings = {
				CODE_SIGN_STYLE = Automatic;
				CURRENT_PROJECT_VERSION = 1;
				DEVELOPMENT_TEAM = Z55DB652JS;
				GENERATE_INFOPLIST_FILE = YES;
				MARKETING_VERSION = 1.0;
				PRODUCT_BUNDLE_IDENTIFIER = com.pyrmontbrewery.BeerColour2UITests;
				PRODUCT_NAME = "$(TARGET_NAME)";
				SWIFT_EMIT_LOC_STRINGS = NO;
				SWIFT_VERSION = 5.0;
				TARGETED_DEVICE_FAMILY = "1,2";
				TEST_TARGET_NAME = BeerColour2;
			};
			name = Debug;
		};
		A92D4DF22DE03DB00038F8A3 /* Release */ = {
			isa = XCBuildConfiguration;
			buildSettings = {
				CODE_SIGN_STYLE = Automatic;
				CURRENT_PROJECT_VERSION = 1;
				DEVELOPMENT_TEAM = Z55DB652JS;
				GENERATE_INFOPLIST_FILE = YES;
				MARKETING_VERSION = 1.0;
				PRODUCT_BUNDLE_IDENTIFIER = com.pyrmontbrewery.BeerColour2UITests;
				PRODUCT_NAME = "$(TARGET_NAME)";
				SWIFT_EMIT_LOC_STRINGS = NO;
				SWIFT_VERSION = 5.0;
				TARGETED_DEVICE_FAMILY = "1,2";
				TEST_TARGET_NAME = BeerColour2;
			};
			name = Release;
		};
/* End XCBuildConfiguration section */

/* Begin XCConfigurationList section */
		A92D4DC42DE03DB00038F8A3 /* Build configuration list for PBXProject "BeerColourEBC" */ = {
			isa = XCConfigurationList;
			buildConfigurations = (
				A92D4DE82DE03DB00038F8A3 /* Debug */,
				A92D4DE92DE03DB00038F8A3 /* Release */,
			);
			defaultConfigurationIsVisible = 0;
			defaultConfigurationName = Release;
		};
		A92D4DEA2DE03DB00038F8A3 /* Build configuration list for PBXNativeTarget "BeerColourEBC" */ = {
			isa = XCConfigurationList;
			buildConfigurations = (
				A92D4DEB2DE03DB00038F8A3 /* Debug */,
				A92D4DEC2DE03DB00038F8A3 /* Release */,
			);
			defaultConfigurationIsVisible = 0;
			defaultConfigurationName = Release;
		};
		A92D4DED2DE03DB00038F8A3 /* Build configuration list for PBXNativeTarget "BeerColourEBCTests" */ = {
			isa = XCConfigurationList;
			buildConfigurations = (
				A92D4DEE2DE03DB00038F8A3 /* Debug */,
				A92D4DEF2DE03DB00038F8A3 /* Release */,
			);
			defaultConfigurationIsVisible = 0;
			defaultConfigurationName = Release;
		};
		A92D4DF02DE03DB00038F8A3 /* Build configuration list for PBXNativeTarget "BeerColourEBCUITests" */ = {
			isa = XCConfigurationList;
			buildConfigurations = (
				A92D4DF12DE03DB00038F8A3 /* Debug */,
				A92D4DF22DE03DB00038F8A3 /* Release */,
			);
			defaultConfigurationIsVisible = 0;
			defaultConfigurationName = Release;
		};
/* End XCConfigurationList section */
	};
	rootObject = A92D4DC12DE03DB00038F8A3 /* Project object */;
}
